{
  "name": "@yavin/client",
  "version": "0.4.0",
  "lockfileVersion": 2,
  "requires": true,
  "packages": {
    "": {
      "name": "@yavin/client",
      "version": "0.4.0",
      "license": "MIT",
      "devDependencies": {
        "@types/node": "^16.4.2",
        "typescript": "^4.6.4"
      }
    },
    "node_modules/@types/node": {
      "version": "16.11.35",
      "resolved": "https://registry.npmjs.org/@types/node/-/node-16.11.35.tgz",
      "integrity": "sha512-QXu45LyepgnhUfnIAj/FyT4uM87ug5KpIrgXfQtUPNAlx8w5hmd8z8emqCLNvG11QkpRSCG9Qg2buMxvqfjfsQ==",
      "dev": true
    },
    "node_modules/typescript": {
      "version": "4.6.4",
      "resolved": "https://registry.npmjs.org/typescript/-/typescript-4.6.4.tgz",
      "integrity": "sha512-9ia/jWHIEbo49HfjrLGfKbZSuWo9iTMwXO+Ca3pRsSpbsMbc7/IU8NKdCZVRRBafVPGnoJeFL76ZOAA84I9fEg==",
      "dev": true,
      "bin": {
        "tsc": "bin/tsc",
        "tsserver": "bin/tsserver"
      },
      "engines": {
        "node": ">=4.2.0"
      }
    }
  },
  "dependencies": {
    "@types/node": {
      "version": "16.11.35",
      "resolved": "https://registry.npmjs.org/@types/node/-/node-16.11.35.tgz",
      "integrity": "sha512-QXu45LyepgnhUfnIAj/FyT4uM87ug5KpIrgXfQtUPNAlx8w5hmd8z8emqCLNvG11QkpRSCG9Qg2buMxvqfjfsQ==",
      "dev": true
    },
    "typescript": {
      "version": "4.6.4",
      "resolved": "https://registry.npmjs.org/typescript/-/typescript-4.6.4.tgz",
      "integrity": "sha512-9ia/jWHIEbo49HfjrLGfKbZSuWo9iTMwXO+Ca3pRsSpbsMbc7/IU8NKdCZVRRBafVPGnoJeFL76ZOAA84I9fEg==",
      "dev": true
    }
  }
}
