{
  "name": "@yavin/model-types",
  "version": "0.4.0",
  "lockfileVersion": 2,
  "requires": true,
  "packages": {
    "": {
      "name": "@yavin/model-types",
      "version": "0.4.0",
      "license": "MIT",
      "devDependencies": {
        "typescript": "^4.6.4"
      }
    },
    "../client": {
      "name": "@yavin/client",
      "version": "0.4.0",
      "extraneous": true,
      "license": "MIT",
      "dependencies": {
        "@apollo/client": "^3.6.8",
        "abortcontroller-polyfill": "^1.7.3",
        "cross-fetch": "^3.1.5",
        "debug": "^4.3.4",
        "effection": "^2.0.6",
        "lodash": "^4.17.21",
        "moment": "^2.29.4",
        "nanoid": "^3.3.4",
        "numbro": "^2.3.6",
        "tiny-invariant": "^1.2.0"
      },
      "devDependencies": {
        "@luckycatfactory/esbuild-graphql-loader": "^3.7.0",
        "@types/debug": "^4.1.7",
        "@types/lodash": "^4.14.182",
        "@types/module-alias": "^2.0.1",
        "@types/node": "^16.4.2",
        "@types/qunit": "^2.11.3",
        "@types/uuid": "^8.3.4",
        "@typescript-eslint/eslint-plugin": "^5.29.0",
        "@typescript-eslint/parser": "^5.29.0",
        "browserslist": "^4.20.4",
        "esbuild": "^0.14.45",
        "esbuild-loader": "^2.19.0",
        "esbuild-plugin-browserslist": "^0.4.11",
        "eslint": "^8.18.0",
        "eslint-plugin-import": "^2.26.0",
        "eslint-plugin-node": "^11.1.0",
        "glob": "^8.0.3",
        "graphql": "^15.5.1",
        "graphql-tag": "^2.10.1",
        "module-alias": "^2.2.2",
        "msw": "^0.42.1",
        "npm-run-all": "^4.1.5",
        "qunit": "^2.19.1",
        "shx": "^0.3.4",
        "testem": "^3.6.0",
        "tsconfig-paths-webpack-plugin": "^3.5.2",
        "typescript": "^4.6.4",
        "webpack": "^5.72.1",
        "webpack-cli": "^4.9.2"
      }
    },
    "node_modules/typescript": {
      "version": "4.6.4",
      "dev": true,
      "license": "Apache-2.0",
      "bin": {
        "tsc": "bin/tsc",
        "tsserver": "bin/tsserver"
      },
      "engines": {
        "node": ">=4.2.0"
      }
    }
  },
  "dependencies": {
    "typescript": {
      "version": "4.6.4",
      "dev": true
    }
  }
}
